
Microsoft Visual Studio Solution File, Format Version 12.00
# Visual Studio 14
VisualStudioVersion = 14.0.25123.0
MinimumVisualStudioVersion = 10.0.40219.1
Project("{8BC9CEB8-8B4A-11D0-8D11-00A0C91BC942}") = "Graphics", "Graphics.vcxproj", "{CA377A55-F3F1-4882-BACD-C71F3B3EC901}"
EndProject
Project("{8BC9CEB8-8B4A-11D0-8D11-00A0C91BC942}") = "01-HelloTriangle", "tests\01-HelloTriangle\01-HelloTriangle.vcxproj", "{4A09F78D-68D5-44BD-A4F4-F1D4F19782DF}"
	ProjectSection(ProjectDependencies) = postProject
		{CA377A55-F3F1-4882-BACD-C71F3B3EC901} = {CA377A55-F3F1-4882-BACD-C71F3B3EC901}
	EndProjectSection
EndProject
Project("{8BC9CEB8-8B4A-11D0-8D11-00A0C91BC942}") = "02- Uniforms", "tests\02- Uniforms\02- Uniforms.vcxproj", "{C63B289C-D644-4B92-9FA3-D33F32EDD7B1}"
	ProjectSection(ProjectDependencies) = postProject
		{CA377A55-F3F1-4882-BACD-C71F3B3EC901} = {CA377A55-F3F1-4882-BACD-C71F3B3EC901}
	EndProjectSection
EndProject
Project("{8BC9CEB8-8B4A-11D0-8D11-00A0C91BC942}") = "03-tdraw", "tests\03-tdraw\03-tdraw.vcxproj", "{4B8EA66D-8161-4120-BEA1-70AFEB419B4E}"
	ProjectSection(ProjectDependencies) = postProject
		{CA377A55-F3F1-4882-BACD-C71F3B3EC901} = {CA377A55-F3F1-4882-BACD-C71F3B3EC901}
	EndProjectSection
EndProject
Project("{8BC9CEB8-8B4A-11D0-8D11-00A0C91BC942}") = "04-DiskAssets", "tests\04-DiskAssets\04-DiskAssets.vcxproj", "{FF11CAA3-05B5-484C-9D4D-146857002C11}"
	ProjectSection(ProjectDependencies) = postProject
		{CA377A55-F3F1-4882-BACD-C71F3B3EC901} = {CA377A55-F3F1-4882-BACD-C71F3B3EC901}
	EndProjectSection
EndProject
Project("{8BC9CEB8-8B4A-11D0-8D11-00A0C91BC942}") = "Shaders", "resources\Shaders\Shaders.vcxproj", "{682BDD9C-C086-4331-9FD4-6CFD9DB6A869}"
EndProject
Project("{8BC9CEB8-8B4A-11D0-8D11-00A0C91BC942}") = "05-MVP", "tests\05-MVP\05-MVP.vcxproj", "{49E00833-094A-4D2A-8602-D53D18AC731E}"
	ProjectSection(ProjectDependencies) = postProject
		{CA377A55-F3F1-4882-BACD-C71F3B3EC901} = {CA377A55-F3F1-4882-BACD-C71F3B3EC901}
	EndProjectSection
EndProject
Project("{8BC9CEB8-8B4A-11D0-8D11-00A0C91BC942}") = "06-Lights", "tests\06-Lights\06-Lights.vcxproj", "{C0B6A86B-044B-4B39-ABCA-DBF71AC86A82}"
	ProjectSection(ProjectDependencies) = postProject
		{CA377A55-F3F1-4882-BACD-C71F3B3EC901} = {CA377A55-F3F1-4882-BACD-C71F3B3EC901}
	EndProjectSection
EndProject
Project("{8BC9CEB8-8B4A-11D0-8D11-00A0C91BC942}") = "07-Materials", "tests\07-Materials\07-Materials.vcxproj", "{25F5EF2C-C3D0-49FC-AE24-1BBA73C119AC}"
	ProjectSection(ProjectDependencies) = postProject
		{CA377A55-F3F1-4882-BACD-C71F3B3EC901} = {CA377A55-F3F1-4882-BACD-C71F3B3EC901}
	EndProjectSection
EndProject
Global
	GlobalSection(SolutionConfigurationPlatforms) = preSolution
		Debug|x64 = Debug|x64
		Debug|x86 = Debug|x86
		Release|x64 = Release|x64
		Release|x86 = Release|x86
	EndGlobalSection
	GlobalSection(ProjectConfigurationPlatforms) = postSolution
		{CA377A55-F3F1-4882-BACD-C71F3B3EC901}.Debug|x64.ActiveCfg = Debug|x64
		{CA377A55-F3F1-4882-BACD-C71F3B3EC901}.Debug|x64.Build.0 = Debug|x64
		{CA377A55-F3F1-4882-BACD-C71F3B3EC901}.Debug|x86.ActiveCfg = Debug|Win32
		{CA377A55-F3F1-4882-BACD-C71F3B3EC901}.Debug|x86.Build.0 = Debug|Win32
		{CA377A55-F3F1-4882-BACD-C71F3B3EC901}.Release|x64.ActiveCfg = Release|x64
		{CA377A55-F3F1-4882-BACD-C71F3B3EC901}.Release|x64.Build.0 = Release|x64
		{CA377A55-F3F1-4882-BACD-C71F3B3EC901}.Release|x86.ActiveCfg = Release|Win32
		{CA377A55-F3F1-4882-BACD-C71F3B3EC901}.Release|x86.Build.0 = Release|Win32
		{4A09F78D-68D5-44BD-A4F4-F1D4F19782DF}.Debug|x64.ActiveCfg = Debug|x64
		{4A09F78D-68D5-44BD-A4F4-F1D4F19782DF}.Debug|x64.Build.0 = Debug|x64
		{4A09F78D-68D5-44BD-A4F4-F1D4F19782DF}.Debug|x86.ActiveCfg = Debug|Win32
		{4A09F78D-68D5-44BD-A4F4-F1D4F19782DF}.Debug|x86.Build.0 = Debug|Win32
		{4A09F78D-68D5-44BD-A4F4-F1D4F19782DF}.Release|x64.ActiveCfg = Release|x64
		{4A09F78D-68D5-44BD-A4F4-F1D4F19782DF}.Release|x64.Build.0 = Release|x64
		{4A09F78D-68D5-44BD-A4F4-F1D4F19782DF}.Release|x86.ActiveCfg = Release|Win32
		{4A09F78D-68D5-44BD-A4F4-F1D4F19782DF}.Release|x86.Build.0 = Release|Win32
		{C63B289C-D644-4B92-9FA3-D33F32EDD7B1}.Debug|x64.ActiveCfg = Debug|x64
		{C63B289C-D644-4B92-9FA3-D33F32EDD7B1}.Debug|x64.Build.0 = Debug|x64
		{C63B289C-D644-4B92-9FA3-D33F32EDD7B1}.Debug|x86.ActiveCfg = Debug|Win32
		{C63B289C-D644-4B92-9FA3-D33F32EDD7B1}.Debug|x86.Build.0 = Debug|Win32
		{C63B289C-D644-4B92-9FA3-D33F32EDD7B1}.Release|x64.ActiveCfg = Release|x64
		{C63B289C-D644-4B92-9FA3-D33F32EDD7B1}.Release|x64.Build.0 = Release|x64
		{C63B289C-D644-4B92-9FA3-D33F32EDD7B1}.Release|x86.ActiveCfg = Release|Win32
		{C63B289C-D644-4B92-9FA3-D33F32EDD7B1}.Release|x86.Build.0 = Release|Win32
		{4B8EA66D-8161-4120-BEA1-70AFEB419B4E}.Debug|x64.ActiveCfg = Debug|x64
		{4B8EA66D-8161-4120-BEA1-70AFEB419B4E}.Debug|x64.Build.0 = Debug|x64
		{4B8EA66D-8161-4120-BEA1-70AFEB419B4E}.Debug|x86.ActiveCfg = Debug|Win32
		{4B8EA66D-8161-4120-BEA1-70AFEB419B4E}.Debug|x86.Build.0 = Debug|Win32
		{4B8EA66D-8161-4120-BEA1-70AFEB419B4E}.Release|x64.ActiveCfg = Release|x64
		{4B8EA66D-8161-4120-BEA1-70AFEB419B4E}.Release|x64.Build.0 = Release|x64
		{4B8EA66D-8161-4120-BEA1-70AFEB419B4E}.Release|x86.ActiveCfg = Release|Win32
		{4B8EA66D-8161-4120-BEA1-70AFEB419B4E}.Release|x86.Build.0 = Release|Win32
		{FF11CAA3-05B5-484C-9D4D-146857002C11}.Debug|x64.ActiveCfg = Debug|x64
		{FF11CAA3-05B5-484C-9D4D-146857002C11}.Debug|x64.Build.0 = Debug|x64
		{FF11CAA3-05B5-484C-9D4D-146857002C11}.Debug|x86.ActiveCfg = Debug|Win32
		{FF11CAA3-05B5-484C-9D4D-146857002C11}.Debug|x86.Build.0 = Debug|Win32
		{FF11CAA3-05B5-484C-9D4D-146857002C11}.Release|x64.ActiveCfg = Release|x64
		{FF11CAA3-05B5-484C-9D4D-146857002C11}.Release|x64.Build.0 = Release|x64
		{FF11CAA3-05B5-484C-9D4D-146857002C11}.Release|x86.ActiveCfg = Release|Win32
		{FF11CAA3-05B5-484C-9D4D-146857002C11}.Release|x86.Build.0 = Release|Win32
		{682BDD9C-C086-4331-9FD4-6CFD9DB6A869}.Debug|x64.ActiveCfg = Debug|x64
		{682BDD9C-C086-4331-9FD4-6CFD9DB6A869}.Debug|x64.Build.0 = Debug|x64
		{682BDD9C-C086-4331-9FD4-6CFD9DB6A869}.Debug|x86.ActiveCfg = Debug|Win32
		{682BDD9C-C086-4331-9FD4-6CFD9DB6A869}.Debug|x86.Build.0 = Debug|Win32
		{682BDD9C-C086-4331-9FD4-6CFD9DB6A869}.Release|x64.ActiveCfg = Release|x64
		{682BDD9C-C086-4331-9FD4-6CFD9DB6A869}.Release|x64.Build.0 = Release|x64
		{682BDD9C-C086-4331-9FD4-6CFD9DB6A869}.Release|x86.ActiveCfg = Release|Win32
		{682BDD9C-C086-4331-9FD4-6CFD9DB6A869}.Release|x86.Build.0 = Release|Win32
		{49E00833-094A-4D2A-8602-D53D18AC731E}.Debug|x64.ActiveCfg = Debug|x64
		{49E00833-094A-4D2A-8602-D53D18AC731E}.Debug|x64.Build.0 = Debug|x64
		{49E00833-094A-4D2A-8602-D53D18AC731E}.Debug|x86.ActiveCfg = Debug|Win32
		{49E00833-094A-4D2A-8602-D53D18AC731E}.Debug|x86.Build.0 = Debug|Win32
		{49E00833-094A-4D2A-8602-D53D18AC731E}.Release|x64.ActiveCfg = Release|x64
		{49E00833-094A-4D2A-8602-D53D18AC731E}.Release|x64.Build.0 = Release|x64
		{49E00833-094A-4D2A-8602-D53D18AC731E}.Release|x86.ActiveCfg = Release|Win32
		{49E00833-094A-4D2A-8602-D53D18AC731E}.Release|x86.Build.0 = Release|Win32
		{C0B6A86B-044B-4B39-ABCA-DBF71AC86A82}.Debug|x64.ActiveCfg = Debug|x64
		{C0B6A86B-044B-4B39-ABCA-DBF71AC86A82}.Debug|x64.Build.0 = Debug|x64
		{C0B6A86B-044B-4B39-ABCA-DBF71AC86A82}.Debug|x86.ActiveCfg = Debug|Win32
		{C0B6A86B-044B-4B39-ABCA-DBF71AC86A82}.Debug|x86.Build.0 = Debug|Win32
		{C0B6A86B-044B-4B39-ABCA-DBF71AC86A82}.Release|x64.ActiveCfg = Release|x64
		{C0B6A86B-044B-4B39-ABCA-DBF71AC86A82}.Release|x64.Build.0 = Release|x64
		{C0B6A86B-044B-4B39-ABCA-DBF71AC86A82}.Release|x86.ActiveCfg = Release|Win32
		{C0B6A86B-044B-4B39-ABCA-DBF71AC86A82}.Release|x86.Build.0 = Release|Win32
		{25F5EF2C-C3D0-49FC-AE24-1BBA73C119AC}.Debug|x64.ActiveCfg = Debug|x64
		{25F5EF2C-C3D0-49FC-AE24-1BBA73C119AC}.Debug|x64.Build.0 = Debug|x64
		{25F5EF2C-C3D0-49FC-AE24-1BBA73C119AC}.Debug|x86.ActiveCfg = Debug|Win32
		{25F5EF2C-C3D0-49FC-AE24-1BBA73C119AC}.Debug|x86.Build.0 = Debug|Win32
		{25F5EF2C-C3D0-49FC-AE24-1BBA73C119AC}.Release|x64.ActiveCfg = Release|x64
		{25F5EF2C-C3D0-49FC-AE24-1BBA73C119AC}.Release|x64.Build.0 = Release|x64
		{25F5EF2C-C3D0-49FC-AE24-1BBA73C119AC}.Release|x86.ActiveCfg = Release|Win32
		{25F5EF2C-C3D0-49FC-AE24-1BBA73C119AC}.Release|x86.Build.0 = Release|Win32
	EndGlobalSection
	GlobalSection(SolutionProperties) = preSolution
		HideSolutionNode = FALSE
	EndGlobalSection
EndGlobal
